dependencies:
- name: prometheus
  repository: file://./subcharts/prometheus
  version: 8.15.0
- name: grafana
  repository: file://./subcharts/grafana
  version: 1.17.2
- name: thanos
  repository: file://./subcharts/thanos
  version: 0.3.5
digest: sha256:86f4f4a71f9e4c4d3652d1fa092fda58653735f73184cd3b412f7e61eab99d44
generated: "2019-10-31T09:46:52.004097557-05:00"
