dependencies:
- name: alertmanager
  repository: file://subcharts/alertmanager
  version: 0.1.7
- name: prometheus
  repository: file://subcharts/prometheus
  version: 0.0.51
- name: exporter-coredns
  repository: file://subcharts/exporter-coredns
  version: 0.0.3
- name: exporter-kube-controller-manager
  repository: file://subcharts/exporter-kube-controller-manager
  version: 0.1.10
- name: exporter-kube-dns
  repository: file://subcharts/exporter-kube-dns
  version: 0.1.7
- name: exporter-kube-etcd
  repository: file://subcharts/exporter-kube-etcd
  version: 0.1.15
- name: exporter-kube-scheduler
  repository: file://subcharts/exporter-kube-scheduler
  version: 0.1.9
- name: exporter-kube-state
  repository: file://subcharts/exporter-kube-state
  version: 0.2.6
- name: exporter-kubelets
  repository: file://subcharts/exporter-kubelets
  version: 0.2.11
- name: exporter-kubernetes
  repository: file://subcharts/exporter-kubernetes
  version: 0.1.10
- name: exporter-node
  repository: file://subcharts/exporter-node
  version: 0.4.6
- name: grafana
  repository: file://subcharts/grafana
  version: 0.0.37
digest: sha256:a598631691c148c37138939e9cdab7e9b455d28f87c266b8cbc476625610c067
generated: "2020-02-17T16:24:19.450101308-06:00"
